// !$*UTF8*$!
{
	archiveVersion = 1;
	classes = {
	};
	objectVersion = 46;
	objects = {

/* Begin PBXBuildFile section */
		483D62FD9EA96184A0C23016 /* Pods_LearningBeezTests.framework in Frameworks */ = {isa = PBXBuildFile; fileRef = 427A2390E1BAF1332D67A06E /* Pods_LearningBeezTests.framework */; };
		4FB8139169420E77AB697725 /* Pods_LearningBeez.framework in Frameworks */ = {isa = PBXBuildFile; fileRef = 9BE290A3CA1128C760A84B8D /* Pods_LearningBeez.framework */; };
		6C00840B2CDCAF59B7165782 /* Pods_LearningBeezUITests.framework in Frameworks */ = {isa = PBXBuildFile; fileRef = 2C0703135EFA11763BA5437A /* Pods_LearningBeezUITests.framework */; };
		B51FE1791EA3E8670091BEBA /* GoogleService-Info.plist in Resources */ = {isa = PBXBuildFile; fileRef = B51FE1781EA3E8660091BEBA /* GoogleService-Info.plist */; };
		B51FE17B1EA3E9150091BEBA /* sign_inViewController.swift in Sources */ = {isa = PBXBuildFile; fileRef = B51FE17A1EA3E9150091BEBA /* sign_inViewController.swift */; };
		B5236AB61EA992C9008A3DBD /* emotion_0.mp3 in Resources */ = {isa = PBXBuildFile; fileRef = B5236AB31EA992C9008A3DBD /* emotion_0.mp3 */; };
		B5236AB71EA992C9008A3DBD /* emotion_1.mp3 in Resources */ = {isa = PBXBuildFile; fileRef = B5236AB41EA992C9008A3DBD /* emotion_1.mp3 */; };
		B5236AB81EA992C9008A3DBD /* emotion_4.mp3 in Resources */ = {isa = PBXBuildFile; fileRef = B5236AB51EA992C9008A3DBD /* emotion_4.mp3 */; };
		B5236AD21EAB10F2008A3DBD /* AVFoundation.framework in Frameworks */ = {isa = PBXBuildFile; fileRef = B5236AD11EAB10F2008A3DBD /* AVFoundation.framework */; };
		B5236AD91EAC3268008A3DBD /* emotion_11.mp3 in Resources */ = {isa = PBXBuildFile; fileRef = B5236AD31EAC3268008A3DBD /* emotion_11.mp3 */; };
		B5236ADA1EAC3268008A3DBD /* emotion_10.mp3 in Resources */ = {isa = PBXBuildFile; fileRef = B5236AD41EAC3268008A3DBD /* emotion_10.mp3 */; };
		B5236ADB1EAC3268008A3DBD /* emotion_9.mp3 in Resources */ = {isa = PBXBuildFile; fileRef = B5236AD51EAC3268008A3DBD /* emotion_9.mp3 */; };
		B5236ADC1EAC3268008A3DBD /* emotion_8.mp3 in Resources */ = {isa = PBXBuildFile; fileRef = B5236AD61EAC3268008A3DBD /* emotion_8.mp3 */; };
		B5236ADD1EAC3268008A3DBD /* emotion_7.mp3 in Resources */ = {isa = PBXBuildFile; fileRef = B5236AD71EAC3268008A3DBD /* emotion_7.mp3 */; };
		B5236ADE1EAC3268008A3DBD /* emotion_6.mp3 in Resources */ = {isa = PBXBuildFile; fileRef = B5236AD81EAC3268008A3DBD /* emotion_6.mp3 */; };
		B5236AE01EAC3273008A3DBD /* emotion_2.mp3 in Resources */ = {isa = PBXBuildFile; fileRef = B5236ADF1EAC3273008A3DBD /* emotion_2.mp3 */; };
		B5236AE21EAC3278008A3DBD /* emotion_3.mp3 in Resources */ = {isa = PBXBuildFile; fileRef = B5236AE11EAC3278008A3DBD /* emotion_3.mp3 */; };
		B5236AE41EAC327C008A3DBD /* emotion_5.mp3 in Resources */ = {isa = PBXBuildFile; fileRef = B5236AE31EAC327C008A3DBD /* emotion_5.mp3 */; };
		B5B6468F1E913B4600ED4C0B /* AppDelegate.swift in Sources */ = {isa = PBXBuildFile; fileRef = B5B6468E1E913B4600ED4C0B /* AppDelegate.swift */; };
		B5B646911E913B4600ED4C0B /* HoneycombViewController.swift in Sources */ = {isa = PBXBuildFile; fileRef = B5B646901E913B4600ED4C0B /* HoneycombViewController.swift */; };
		B5B646941E913B4600ED4C0B /* Main.storyboard in Resources */ = {isa = PBXBuildFile; fileRef = B5B646921E913B4600ED4C0B /* Main.storyboard */; };
		B5B646961E913B4600ED4C0B /* Assets.xcassets in Resources */ = {isa = PBXBuildFile; fileRef = B5B646951E913B4600ED4C0B /* Assets.xcassets */; };
		B5B646991E913B4600ED4C0B /* LaunchScreen.storyboard in Resources */ = {isa = PBXBuildFile; fileRef = B5B646971E913B4600ED4C0B /* LaunchScreen.storyboard */; };
		B5B646A41E913B4700ED4C0B /* LearningBeezTests.swift in Sources */ = {isa = PBXBuildFile; fileRef = B5B646A31E913B4700ED4C0B /* LearningBeezTests.swift */; };
		B5B646AF1E913B4700ED4C0B /* LearningBeezUITests.swift in Sources */ = {isa = PBXBuildFile; fileRef = B5B646AE1E913B4700ED4C0B /* LearningBeezUITests.swift */; };
		B5B646BD1E9148AD00ED4C0B /* Cell.swift in Sources */ = {isa = PBXBuildFile; fileRef = B5B646BC1E9148AD00ED4C0B /* Cell.swift */; };
		B5B646BF1E91559300ED4C0B /* ListPage.swift in Sources */ = {isa = PBXBuildFile; fileRef = B5B646BE1E91559300ED4C0B /* ListPage.swift */; };
		B5B646C11E915D8400ED4C0B /* EmotionsFlashCards.swift in Sources */ = {isa = PBXBuildFile; fileRef = B5B646C01E915D8400ED4C0B /* EmotionsFlashCards.swift */; };
/* End PBXBuildFile section */

/* Begin PBXContainerItemProxy section */
		B5B646A01E913B4700ED4C0B /* PBXContainerItemProxy */ = {
			isa = PBXContainerItemProxy;
			containerPortal = B5B646831E913B4600ED4C0B /* Project object */;
			proxyType = 1;
			remoteGlobalIDString = B5B6468A1E913B4600ED4C0B;
			remoteInfo = LearningBeez;
		};
		B5B646AB1E913B4700ED4C0B /* PBXContainerItemProxy */ = {
			isa = PBXContainerItemProxy;
			containerPortal = B5B646831E913B4600ED4C0B /* Project object */;
			proxyType = 1;
			remoteGlobalIDString = B5B6468A1E913B4600ED4C0B;
			remoteInfo = LearningBeez;
		};
/* End PBXContainerItemProxy section */

/* Begin PBXFileReference section */
		016F91C8D5ACBC2D3FCD4D5D /* Pods-LearningBeezUITests.debug.xcconfig */ = {isa = PBXFileReference; includeInIndex = 1; lastKnownFileType = text.xcconfig; name = "Pods-LearningBeezUITests.debug.xcconfig"; path = "Pods/Target Support Files/Pods-LearningBeezUITests/Pods-LearningBeezUITests.debug.xcconfig"; sourceTree = "<group>"; };
		2C0703135EFA11763BA5437A /* Pods_LearningBeezUITests.framework */ = {isa = PBXFileReference; explicitFileType = wrapper.framework; includeInIndex = 0; path = Pods_LearningBeezUITests.framework; sourceTree = BUILT_PRODUCTS_DIR; };
		427A2390E1BAF1332D67A06E /* Pods_LearningBeezTests.framework */ = {isa = PBXFileReference; explicitFileType = wrapper.framework; includeInIndex = 0; path = Pods_LearningBeezTests.framework; sourceTree = BUILT_PRODUCTS_DIR; };
		4390BD226277CEA541D29E7D /* Pods-LearningBeez.release.xcconfig */ = {isa = PBXFileReference; includeInIndex = 1; lastKnownFileType = text.xcconfig; name = "Pods-LearningBeez.release.xcconfig"; path = "Pods/Target Support Files/Pods-LearningBeez/Pods-LearningBeez.release.xcconfig"; sourceTree = "<group>"; };
		48B73B23648739551D33AB2F /* Pods-LearningBeez.debug.xcconfig */ = {isa = PBXFileReference; includeInIndex = 1; lastKnownFileType = text.xcconfig; name = "Pods-LearningBeez.debug.xcconfig"; path = "Pods/Target Support Files/Pods-LearningBeez/Pods-LearningBeez.debug.xcconfig"; sourceTree = "<group>"; };
		838846F07AD3867E575E40EA /* Pods-LearningBeezTests.debug.xcconfig */ = {isa = PBXFileReference; includeInIndex = 1; lastKnownFileType = text.xcconfig; name = "Pods-LearningBeezTests.debug.xcconfig"; path = "Pods/Target Support Files/Pods-LearningBeezTests/Pods-LearningBeezTests.debug.xcconfig"; sourceTree = "<group>"; };
		91280E8F72E7F95C08899449 /* Pods-LearningBeezUITests.release.xcconfig */ = {isa = PBXFileReference; includeInIndex = 1; lastKnownFileType = text.xcconfig; name = "Pods-LearningBeezUITests.release.xcconfig"; path = "Pods/Target Support Files/Pods-LearningBeezUITests/Pods-LearningBeezUITests.release.xcconfig"; sourceTree = "<group>"; };
		9712BA3138B1D73C71EDA78A /* Pods-LearningBeezTests.release.xcconfig */ = {isa = PBXFileReference; includeInIndex = 1; lastKnownFileType = text.xcconfig; name = "Pods-LearningBeezTests.release.xcconfig"; path = "Pods/Target Support Files/Pods-LearningBeezTests/Pods-LearningBeezTests.release.xcconfig"; sourceTree = "<group>"; };
		9BE290A3CA1128C760A84B8D /* Pods_LearningBeez.framework */ = {isa = PBXFileReference; explicitFileType = wrapper.framework; includeInIndex = 0; path = Pods_LearningBeez.framework; sourceTree = BUILT_PRODUCTS_DIR; };
		B51FE1781EA3E8660091BEBA /* GoogleService-Info.plist */ = {isa = PBXFileReference; fileEncoding = 4; lastKnownFileType = text.plist.xml; path = "GoogleService-Info.plist"; sourceTree = "<group>"; };
		B51FE17A1EA3E9150091BEBA /* sign_inViewController.swift */ = {isa = PBXFileReference; fileEncoding = 4; lastKnownFileType = sourcecode.swift; path = sign_inViewController.swift; sourceTree = "<group>"; };
		B5236AB31EA992C9008A3DBD /* emotion_0.mp3 */ = {isa = PBXFileReference; lastKnownFileType = audio.mp3; path = emotion_0.mp3; sourceTree = "<group>"; };
		B5236AB41EA992C9008A3DBD /* emotion_1.mp3 */ = {isa = PBXFileReference; lastKnownFileType = audio.mp3; path = emotion_1.mp3; sourceTree = "<group>"; };
		B5236AB51EA992C9008A3DBD /* emotion_4.mp3 */ = {isa = PBXFileReference; lastKnownFileType = audio.mp3; path = emotion_4.mp3; sourceTree = "<group>"; };
		B5236AD11EAB10F2008A3DBD /* AVFoundation.framework */ = {isa = PBXFileReference; lastKnownFileType = wrapper.framework; name = AVFoundation.framework; path = System/Library/Frameworks/AVFoundation.framework; sourceTree = SDKROOT; };
		B5236AD31EAC3268008A3DBD /* emotion_11.mp3 */ = {isa = PBXFileReference; lastKnownFileType = audio.mp3; name = emotion_11.mp3; path = ../../emotion_11.mp3; sourceTree = "<group>"; };
		B5236AD41EAC3268008A3DBD /* emotion_10.mp3 */ = {isa = PBXFileReference; lastKnownFileType = audio.mp3; name = emotion_10.mp3; path = ../../emotion_10.mp3; sourceTree = "<group>"; };
		B5236AD51EAC3268008A3DBD /* emotion_9.mp3 */ = {isa = PBXFileReference; lastKnownFileType = audio.mp3; name = emotion_9.mp3; path = ../../emotion_9.mp3; sourceTree = "<group>"; };
		B5236AD61EAC3268008A3DBD /* emotion_8.mp3 */ = {isa = PBXFileReference; lastKnownFileType = audio.mp3; name = emotion_8.mp3; path = ../../emotion_8.mp3; sourceTree = "<group>"; };
		B5236AD71EAC3268008A3DBD /* emotion_7.mp3 */ = {isa = PBXFileReference; lastKnownFileType = audio.mp3; name = emotion_7.mp3; path = ../../emotion_7.mp3; sourceTree = "<group>"; };
		B5236AD81EAC3268008A3DBD /* emotion_6.mp3 */ = {isa = PBXFileReference; lastKnownFileType = audio.mp3; name = emotion_6.mp3; path = ../../emotion_6.mp3; sourceTree = "<group>"; };
		B5236ADF1EAC3273008A3DBD /* emotion_2.mp3 */ = {isa = PBXFileReference; lastKnownFileType = audio.mp3; name = emotion_2.mp3; path = ../../emotion_2.mp3; sourceTree = "<group>"; };
		B5236AE11EAC3278008A3DBD /* emotion_3.mp3 */ = {isa = PBXFileReference; lastKnownFileType = audio.mp3; name = emotion_3.mp3; path = ../../emotion_3.mp3; sourceTree = "<group>"; };
		B5236AE31EAC327C008A3DBD /* emotion_5.mp3 */ = {isa = PBXFileReference; lastKnownFileType = audio.mp3; name = emotion_5.mp3; path = ../../emotion_5.mp3; sourceTree = "<group>"; };
		B5B6468B1E913B4600ED4C0B /* LearningBeez.app */ = {isa = PBXFileReference; explicitFileType = wrapper.application; includeInIndex = 0; path = LearningBeez.app; sourceTree = BUILT_PRODUCTS_DIR; };
		B5B6468E1E913B4600ED4C0B /* AppDelegate.swift */ = {isa = PBXFileReference; lastKnownFileType = sourcecode.swift; path = AppDelegate.swift; sourceTree = "<group>"; };
		B5B646901E913B4600ED4C0B /* HoneycombViewController.swift */ = {isa = PBXFileReference; lastKnownFileType = sourcecode.swift; path = HoneycombViewController.swift; sourceTree = "<group>"; };
		B5B646931E913B4600ED4C0B /* Base */ = {isa = PBXFileReference; lastKnownFileType = file.storyboard; name = Base; path = Base.lproj/Main.storyboard; sourceTree = "<group>"; };
		B5B646951E913B4600ED4C0B /* Assets.xcassets */ = {isa = PBXFileReference; lastKnownFileType = folder.assetcatalog; path = Assets.xcassets; sourceTree = "<group>"; };
		B5B646981E913B4600ED4C0B /* Base */ = {isa = PBXFileReference; lastKnownFileType = file.storyboard; name = Base; path = Base.lproj/LaunchScreen.storyboard; sourceTree = "<group>"; };
		B5B6469A1E913B4600ED4C0B /* Info.plist */ = {isa = PBXFileReference; lastKnownFileType = text.plist.xml; path = Info.plist; sourceTree = "<group>"; };
		B5B6469F1E913B4700ED4C0B /* LearningBeezTests.xctest */ = {isa = PBXFileReference; explicitFileType = wrapper.cfbundle; includeInIndex = 0; path = LearningBeezTests.xctest; sourceTree = BUILT_PRODUCTS_DIR; };
		B5B646A31E913B4700ED4C0B /* LearningBeezTests.swift */ = {isa = PBXFileReference; lastKnownFileType = sourcecode.swift; path = LearningBeezTests.swift; sourceTree = "<group>"; };
		B5B646A51E913B4700ED4C0B /* Info.plist */ = {isa = PBXFileReference; lastKnownFileType = text.plist.xml; path = Info.plist; sourceTree = "<group>"; };
		B5B646AA1E913B4700ED4C0B /* LearningBeezUITests.xctest */ = {isa = PBXFileReference; explicitFileType = wrapper.cfbundle; includeInIndex = 0; path = LearningBeezUITests.xctest; sourceTree = BUILT_PRODUCTS_DIR; };
		B5B646AE1E913B4700ED4C0B /* LearningBeezUITests.swift */ = {isa = PBXFileReference; lastKnownFileType = sourcecode.swift; path = LearningBeezUITests.swift; sourceTree = "<group>"; };
		B5B646B01E913B4700ED4C0B /* Info.plist */ = {isa = PBXFileReference; lastKnownFileType = text.plist.xml; path = Info.plist; sourceTree = "<group>"; };
		B5B646BC1E9148AD00ED4C0B /* Cell.swift */ = {isa = PBXFileReference; fileEncoding = 4; lastKnownFileType = sourcecode.swift; path = Cell.swift; sourceTree = "<group>"; };
		B5B646BE1E91559300ED4C0B /* ListPage.swift */ = {isa = PBXFileReference; fileEncoding = 4; lastKnownFileType = sourcecode.swift; path = ListPage.swift; sourceTree = "<group>"; };
		B5B646C01E915D8400ED4C0B /* EmotionsFlashCards.swift */ = {isa = PBXFileReference; fileEncoding = 4; lastKnownFileType = sourcecode.swift; path = EmotionsFlashCards.swift; sourceTree = "<group>"; };
/* End PBXFileReference section */

/* Begin PBXFrameworksBuildPhase section */
		B5B646881E913B4600ED4C0B /* Frameworks */ = {
			isa = PBXFrameworksBuildPhase;
			buildActionMask = 2147483647;
			files = (
				B5236AD21EAB10F2008A3DBD /* AVFoundation.framework in Frameworks */,
				4FB8139169420E77AB697725 /* Pods_LearningBeez.framework in Frameworks */,
			);
			runOnlyForDeploymentPostprocessing = 0;
		};
		B5B6469C1E913B4700ED4C0B /* Frameworks */ = {
			isa = PBXFrameworksBuildPhase;
			buildActionMask = 2147483647;
			files = (
				483D62FD9EA96184A0C23016 /* Pods_LearningBeezTests.framework in Frameworks */,
			);
			runOnlyForDeploymentPostprocessing = 0;
		};
		B5B646A71E913B4700ED4C0B /* Frameworks */ = {
			isa = PBXFrameworksBuildPhase;
			buildActionMask = 2147483647;
			files = (
				6C00840B2CDCAF59B7165782 /* Pods_LearningBeezUITests.framework in Frameworks */,
			);
			runOnlyForDeploymentPostprocessing = 0;
		};
/* End PBXFrameworksBuildPhase section */

/* Begin PBXGroup section */
		1321B464CCF466152137A4AB /* Frameworks */ = {
			isa = PBXGroup;
			children = (
				B5236AD11EAB10F2008A3DBD /* AVFoundation.framework */,
				9BE290A3CA1128C760A84B8D /* Pods_LearningBeez.framework */,
				427A2390E1BAF1332D67A06E /* Pods_LearningBeezTests.framework */,
				2C0703135EFA11763BA5437A /* Pods_LearningBeezUITests.framework */,
			);
			name = Frameworks;
			sourceTree = "<group>";
		};
		8BBF337201D39A59A52731D9 /* Pods */ = {
			isa = PBXGroup;
			children = (
				48B73B23648739551D33AB2F /* Pods-LearningBeez.debug.xcconfig */,
				4390BD226277CEA541D29E7D /* Pods-LearningBeez.release.xcconfig */,
				838846F07AD3867E575E40EA /* Pods-LearningBeezTests.debug.xcconfig */,
				9712BA3138B1D73C71EDA78A /* Pods-LearningBeezTests.release.xcconfig */,
				016F91C8D5ACBC2D3FCD4D5D /* Pods-LearningBeezUITests.debug.xcconfig */,
				91280E8F72E7F95C08899449 /* Pods-LearningBeezUITests.release.xcconfig */,
			);
			name = Pods;
			sourceTree = "<group>";
		};
		B5236AB21EA991F7008A3DBD /* music */ = {
			isa = PBXGroup;
			children = (
				B5236AB31EA992C9008A3DBD /* emotion_0.mp3 */,
				B5236AB41EA992C9008A3DBD /* emotion_1.mp3 */,
				B5236ADF1EAC3273008A3DBD /* emotion_2.mp3 */,
				B5236AE11EAC3278008A3DBD /* emotion_3.mp3 */,
				B5236AB51EA992C9008A3DBD /* emotion_4.mp3 */,
				B5236AE31EAC327C008A3DBD /* emotion_5.mp3 */,
				B5236AD81EAC3268008A3DBD /* emotion_6.mp3 */,
				B5236AD71EAC3268008A3DBD /* emotion_7.mp3 */,
				B5236AD61EAC3268008A3DBD /* emotion_8.mp3 */,
				B5236AD51EAC3268008A3DBD /* emotion_9.mp3 */,
				B5236AD41EAC3268008A3DBD /* emotion_10.mp3 */,
				B5236AD31EAC3268008A3DBD /* emotion_11.mp3 */,
			);
			name = music;
			sourceTree = "<group>";
		};
		B5B646821E913B4600ED4C0B = {
			isa = PBXGroup;
			children = (
				B5B6468D1E913B4600ED4C0B /* LearningBeez */,
				B5B646A21E913B4700ED4C0B /* LearningBeezTests */,
				B5B646AD1E913B4700ED4C0B /* LearningBeezUITests */,
				B5B6468C1E913B4600ED4C0B /* Products */,
				8BBF337201D39A59A52731D9 /* Pods */,
				1321B464CCF466152137A4AB /* Frameworks */,
			);
			sourceTree = "<group>";
		};
		B5B6468C1E913B4600ED4C0B /* Products */ = {
			isa = PBXGroup;
			children = (
				B5B6468B1E913B4600ED4C0B /* LearningBeez.app */,
				B5B6469F1E913B4700ED4C0B /* LearningBeezTests.xctest */,
				B5B646AA1E913B4700ED4C0B /* LearningBeezUITests.xctest */,
			);
			name = Products;
			sourceTree = "<group>";
		};
		B5B6468D1E913B4600ED4C0B /* LearningBeez */ = {
			isa = PBXGroup;
			children = (
				B5B6468E1E913B4600ED4C0B /* AppDelegate.swift */,
				B51FE17A1EA3E9150091BEBA /* sign_inViewController.swift */,
				B5B646901E913B4600ED4C0B /* HoneycombViewController.swift */,
				B5B646921E913B4600ED4C0B /* Main.storyboard */,
				B5B646C01E915D8400ED4C0B /* EmotionsFlashCards.swift */,
				B5B646BE1E91559300ED4C0B /* ListPage.swift */,
				B5236AB21EA991F7008A3DBD /* music */,
				B5B646BC1E9148AD00ED4C0B /* Cell.swift */,
				B5B646951E913B4600ED4C0B /* Assets.xcassets */,
				B5B646971E913B4600ED4C0B /* LaunchScreen.storyboard */,
				B51FE1781EA3E8660091BEBA /* GoogleService-Info.plist */,
				B5B6469A1E913B4600ED4C0B /* Info.plist */,
			);
			path = LearningBeez;
			sourceTree = "<group>";
		};
		B5B646A21E913B4700ED4C0B /* LearningBeezTests */ = {
			isa = PBXGroup;
			children = (
				B5B646A31E913B4700ED4C0B /* LearningBeezTests.swift */,
				B5B646A51E913B4700ED4C0B /* Info.plist */,
			);
			path = LearningBeezTests;
			sourceTree = "<group>";
		};
		B5B646AD1E913B4700ED4C0B /* LearningBeezUITests */ = {
			isa = PBXGroup;
			children = (
				B5B646AE1E913B4700ED4C0B /* LearningBeezUITests.swift */,
				B5B646B01E913B4700ED4C0B /* Info.plist */,
			);
			path = LearningBeezUITests;
			sourceTree = "<group>";
		};
/* End PBXGroup section */

/* Begin PBXNativeTarget section */
		B5B6468A1E913B4600ED4C0B /* LearningBeez */ = {
			isa = PBXNativeTarget;
			buildConfigurationList = B5B646B31E913B4700ED4C0B /* Build configuration list for PBXNativeTarget "LearningBeez" */;
			buildPhases = (
				684067B201314C5C8D11AF1D /* [CP] Check Pods Manifest.lock */,
				B5B646871E913B4600ED4C0B /* Sources */,
				B5B646881E913B4600ED4C0B /* Frameworks */,
				B5B646891E913B4600ED4C0B /* Resources */,
				3AA62E411D5D0D8AD925B39A /* [CP] Embed Pods Frameworks */,
				6FB5CB8363818EC4A3097BF2 /* [CP] Copy Pods Resources */,
			);
			buildRules = (
			);
			dependencies = (
			);
			name = LearningBeez;
			productName = LearningBeez;
			productReference = B5B6468B1E913B4600ED4C0B /* LearningBeez.app */;
			productType = "com.apple.product-type.application";
		};
		B5B6469E1E913B4700ED4C0B /* LearningBeezTests */ = {
			isa = PBXNativeTarget;
			buildConfigurationList = B5B646B61E913B4700ED4C0B /* Build configuration list for PBXNativeTarget "LearningBeezTests" */;
			buildPhases = (
				0A66E5D33CD4157C923675AC /* [CP] Check Pods Manifest.lock */,
				B5B6469B1E913B4700ED4C0B /* Sources */,
				B5B6469C1E913B4700ED4C0B /* Frameworks */,
				B5B6469D1E913B4700ED4C0B /* Resources */,
				139A9C2649D80FF2A8912234 /* [CP] Embed Pods Frameworks */,
				033EEAB376E439B67CC94046 /* [CP] Copy Pods Resources */,
			);
			buildRules = (
			);
			dependencies = (
				B5B646A11E913B4700ED4C0B /* PBXTargetDependency */,
			);
			name = LearningBeezTests;
			productName = LearningBeezTests;
			productReference = B5B6469F1E913B4700ED4C0B /* LearningBeezTests.xctest */;
			productType = "com.apple.product-type.bundle.unit-test";
		};
		B5B646A91E913B4700ED4C0B /* LearningBeezUITests */ = {
			isa = PBXNativeTarget;
			buildConfigurationList = B5B646B91E913B4700ED4C0B /* Build configuration list for PBXNativeTarget "LearningBeezUITests" */;
			buildPhases = (
				C75BC57AE31C47FF8FE5AC2E /* [CP] Check Pods Manifest.lock */,
				B5B646A61E913B4700ED4C0B /* Sources */,
				B5B646A71E913B4700ED4C0B /* Frameworks */,
				B5B646A81E913B4700ED4C0B /* Resources */,
				DB228553E9C1E88E37D47BFB /* [CP] Embed Pods Frameworks */,
				7E58B95180D7DE1EA0FD062C /* [CP] Copy Pods Resources */,
			);
			buildRules = (
			);
			dependencies = (
				B5B646AC1E913B4700ED4C0B /* PBXTargetDependency */,
			);
			name = LearningBeezUITests;
			productName = LearningBeezUITests;
			productReference = B5B646AA1E913B4700ED4C0B /* LearningBeezUITests.xctest */;
			productType = "com.apple.product-type.bundle.ui-testing";
		};
/* End PBXNativeTarget section */

/* Begin PBXProject section */
		B5B646831E913B4600ED4C0B /* Project object */ = {
			isa = PBXProject;
			attributes = {
				LastSwiftUpdateCheck = 0830;
				LastUpgradeCheck = 0830;
				ORGANIZATIONNAME = "Sumer Abdulaal";
				TargetAttributes = {
					B5B6468A1E913B4600ED4C0B = {
						CreatedOnToolsVersion = 8.3;
						DevelopmentTeam = Q8VR2LBKSF;
						ProvisioningStyle = Automatic;
					};
					B5B6469E1E913B4700ED4C0B = {
						CreatedOnToolsVersion = 8.3;
						ProvisioningStyle = Automatic;
						TestTargetID = B5B6468A1E913B4600ED4C0B;
					};
					B5B646A91E913B4700ED4C0B = {
						CreatedOnToolsVersion = 8.3;
						ProvisioningStyle = Automatic;
						TestTargetID = B5B6468A1E913B4600ED4C0B;
					};
				};
			};
			buildConfigurationList = B5B646861E913B4600ED4C0B /* Build configuration list for PBXProject "LearningBeez" */;
			compatibilityVersion = "Xcode 3.2";
			developmentRegion = English;
			hasScannedForEncodings = 0;
			knownRegions = (
				en,
				Base,
			);
			mainGroup = B5B646821E913B4600ED4C0B;
			productRefGroup = B5B6468C1E913B4600ED4C0B /* Products */;
			projectDirPath = "";
			projectRoot = "";
			targets = (
				B5B6468A1E913B4600ED4C0B /* LearningBeez */,
				B5B6469E1E913B4700ED4C0B /* LearningBeezTests */,
				B5B646A91E913B4700ED4C0B /* LearningBeezUITests */,
			);
		};
/* End PBXProject section */

/* Begin PBXResourcesBuildPhase section */
		B5B646891E913B4600ED4C0B /* Resources */ = {
			isa = PBXResourcesBuildPhase;
			buildActionMask = 2147483647;
			files = (
				B5236ADD1EAC3268008A3DBD /* emotion_7.mp3 in Resources */,
				B5236AD91EAC3268008A3DBD /* emotion_11.mp3 in Resources */,
				B5B646991E913B4600ED4C0B /* LaunchScreen.storyboard in Resources */,
				B51FE1791EA3E8670091BEBA /* GoogleService-Info.plist in Resources */,
				B5B646961E913B4600ED4C0B /* Assets.xcassets in Resources */,
				B5236AE01EAC3273008A3DBD /* emotion_2.mp3 in Resources */,
				B5236AE21EAC3278008A3DBD /* emotion_3.mp3 in Resources */,
				B5236ADB1EAC3268008A3DBD /* emotion_9.mp3 in Resources */,
				B5236AB61EA992C9008A3DBD /* emotion_0.mp3 in Resources */,
				B5236AB71EA992C9008A3DBD /* emotion_1.mp3 in Resources */,
				B5236AE41EAC327C008A3DBD /* emotion_5.mp3 in Resources */,
				B5236ADE1EAC3268008A3DBD /* emotion_6.mp3 in Resources */,
				B5236AB81EA992C9008A3DBD /* emotion_4.mp3 in Resources */,
				B5B646941E913B4600ED4C0B /* Main.storyboard in Resources */,
				B5236ADC1EAC3268008A3DBD /* emotion_8.mp3 in Resources */,
				B5236ADA1EAC3268008A3DBD /* emotion_10.mp3 in Resources */,
			);
			runOnlyForDeploymentPostprocessing = 0;
		};
		B5B6469D1E913B4700ED4C0B /* Resources */ = {
			isa = PBXResourcesBuildPhase;
			buildActionMask = 2147483647;
			files = (
			);
			runOnlyForDeploymentPostprocessing = 0;
		};
		B5B646A81E913B4700ED4C0B /* Resources */ = {
			isa = PBXResourcesBuildPhase;
			buildActionMask = 2147483647;
			files = (
			);
			runOnlyForDeploymentPostprocessing = 0;
		};
/* End PBXResourcesBuildPhase section */

/* Begin PBXShellScriptBuildPhase section */
		033EEAB376E439B67CC94046 /* [CP] Copy Pods Resources */ = {
			isa = PBXShellScriptBuildPhase;
			buildActionMask = 2147483647;
			files = (
			);
			inputPaths = (
			);
			name = "[CP] Copy Pods Resources";
			outputPaths = (
			);
			runOnlyForDeploymentPostprocessing = 0;
			shellPath = /bin/sh;
			shellScript = "\"${SRCROOT}/Pods/Target Support Files/Pods-LearningBeezTests/Pods-LearningBeezTests-resources.sh\"\n";
			showEnvVarsInLog = 0;
		};
		0A66E5D33CD4157C923675AC /* [CP] Check Pods Manifest.lock */ = {
			isa = PBXShellScriptBuildPhase;
			buildActionMask = 2147483647;
			files = (
			);
			inputPaths = (
			);
			name = "[CP] Check Pods Manifest.lock";
			outputPaths = (
			);
			runOnlyForDeploymentPostprocessing = 0;
			shellPath = /bin/sh;
			shellScript = "diff \"${PODS_PODFILE_DIR_PATH}/Podfile.lock\" \"${PODS_ROOT}/Manifest.lock\" > /dev/null\nif [ $? != 0 ] ; then\n    # print error to STDERR\n    echo \"error: The sandbox is not in sync with the Podfile.lock. Run 'pod install' or update your CocoaPods installation.\" >&2\n    exit 1\nfi\n";
			showEnvVarsInLog = 0;
		};
		139A9C2649D80FF2A8912234 /* [CP] Embed Pods Frameworks */ = {
			isa = PBXShellScriptBuildPhase;
			buildActionMask = 2147483647;
			files = (
			);
			inputPaths = (
			);
			name = "[CP] Embed Pods Frameworks";
			outputPaths = (
			);
			runOnlyForDeploymentPostprocessing = 0;
			shellPath = /bin/sh;
			shellScript = "\"${SRCROOT}/Pods/Target Support Files/Pods-LearningBeezTests/Pods-LearningBeezTests-frameworks.sh\"\n";
			showEnvVarsInLog = 0;
		};
		3AA62E411D5D0D8AD925B39A /* [CP] Embed Pods Frameworks */ = {
			isa = PBXShellScriptBuildPhase;
			buildActionMask = 2147483647;
			files = (
			);
			inputPaths = (
			);
			name = "[CP] Embed Pods Frameworks";
			outputPaths = (
			);
			runOnlyForDeploymentPostprocessing = 0;
			shellPath = /bin/sh;
			shellScript = "\"${SRCROOT}/Pods/Target Support Files/Pods-LearningBeez/Pods-LearningBeez-frameworks.sh\"\n";
			showEnvVarsInLog = 0;
		};
		684067B201314C5C8D11AF1D /* [CP] Check Pods Manifest.lock */ = {
			isa = PBXShellScriptBuildPhase;
			buildActionMask = 2147483647;
			files = (
			);
			inputPaths = (
			);
			name = "[CP] Check Pods Manifest.lock";
			outputPaths = (
			);
			runOnlyForDeploymentPostprocessing = 0;
			shellPath = /bin/sh;
			shellScript = "diff \"${PODS_PODFILE_DIR_PATH}/Podfile.lock\" \"${PODS_ROOT}/Manifest.lock\" > /dev/null\nif [ $? != 0 ] ; then\n    # print error to STDERR\n    echo \"error: The sandbox is not in sync with the Podfile.lock. Run 'pod install' or update your CocoaPods installation.\" >&2\n    exit 1\nfi\n";
			showEnvVarsInLog = 0;
		};
		6FB5CB8363818EC4A3097BF2 /* [CP] Copy Pods Resources */ = {
			isa = PBXShellScriptBuildPhase;
			buildActionMask = 2147483647;
			files = (
			);
			inputPaths = (
			);
			name = "[CP] Copy Pods Resources";
			outputPaths = (
			);
			runOnlyForDeploymentPostprocessing = 0;
			shellPath = /bin/sh;
			shellScript = "\"${SRCROOT}/Pods/Target Support Files/Pods-LearningBeez/Pods-LearningBeez-resources.sh\"\n";
			showEnvVarsInLog = 0;
		};
		7E58B95180D7DE1EA0FD062C /* [CP] Copy Pods Resources */ = {
			isa = PBXShellScriptBuildPhase;
			buildActionMask = 2147483647;
			files = (
			);
			inputPaths = (
			);
			name = "[CP] Copy Pods Resources";
			outputPaths = (
			);
			runOnlyForDeploymentPostprocessing = 0;
			shellPath = /bin/sh;
			shellScript = "\"${SRCROOT}/Pods/Target Support Files/Pods-LearningBeezUITests/Pods-LearningBeezUITests-resources.sh\"\n";
			showEnvVarsInLog = 0;
		};
		C75BC57AE31C47FF8FE5AC2E /* [CP] Check Pods Manifest.lock */ = {
			isa = PBXShellScriptBuildPhase;
			buildActionMask = 2147483647;
			files = (
			);
			inputPaths = (
			);
			name = "[CP] Check Pods Manifest.lock";
			outputPaths = (
			);
			runOnlyForDeploymentPostprocessing = 0;
			shellPath = /bin/sh;
			shellScript = "diff \"${PODS_PODFILE_DIR_PATH}/Podfile.lock\" \"${PODS_ROOT}/Manifest.lock\" > /dev/null\nif [ $? != 0 ] ; then\n    # print error to STDERR\n    echo \"error: The sandbox is not in sync with the Podfile.lock. Run 'pod install' or update your CocoaPods installation.\" >&2\n    exit 1\nfi\n";
			showEnvVarsInLog = 0;
		};
		DB228553E9C1E88E37D47BFB /* [CP] Embed Pods Frameworks */ = {
			isa = PBXShellScriptBuildPhase;
			buildActionMask = 2147483647;
			files = (
			);
			inputPaths = (
			);
			name = "[CP] Embed Pods Frameworks";
			outputPaths = (
			);
			runOnlyForDeploymentPostprocessing = 0;
			shellPath = /bin/sh;
			shellScript = "\"${SRCROOT}/Pods/Target Support Files/Pods-LearningBeezUITests/Pods-LearningBeezUITests-frameworks.sh\"\n";
			showEnvVarsInLog = 0;
		};
/* End PBXShellScriptBuildPhase section */

/* Begin PBXSourcesBuildPhase section */
		B5B646871E913B4600ED4C0B /* Sources */ = {
			isa = PBXSourcesBuildPhase;
			buildActionMask = 2147483647;
			files = (
				B5B646911E913B4600ED4C0B /* HoneycombViewController.swift in Sources */,
				B5B646C11E915D8400ED4C0B /* EmotionsFlashCards.swift in Sources */,
				B5B6468F1E913B4600ED4C0B /* AppDelegate.swift in Sources */,
				B5B646BF1E91559300ED4C0B /* ListPage.swift in Sources */,
				B51FE17B1EA3E9150091BEBA /* sign_inViewController.swift in Sources */,
				B5B646BD1E9148AD00ED4C0B /* Cell.swift in Sources */,
			);
			runOnlyForDeploymentPostprocessing = 0;
		};
		B5B6469B1E913B4700ED4C0B /* Sources */ = {
			isa = PBXSourcesBuildPhase;
			buildActionMask = 2147483647;
			files = (
				B5B646A41E913B4700ED4C0B /* LearningBeezTests.swift in Sources */,
			);
			runOnlyForDeploymentPostprocessing = 0;
		};
		B5B646A61E913B4700ED4C0B /* Sources */ = {
			isa = PBXSourcesBuildPhase;
			buildActionMask = 2147483647;
			files = (
				B5B646AF1E913B4700ED4C0B /* LearningBeezUITests.swift in Sources */,
			);
			runOnlyForDeploymentPostprocessing = 0;
		};
/* End PBXSourcesBuildPhase section */

/* Begin PBXTargetDependency section */
		B5B646A11E913B4700ED4C0B /* PBXTargetDependency */ = {
			isa = PBXTargetDependency;
			target = B5B6468A1E913B4600ED4C0B /* LearningBeez */;
			targetProxy = B5B646A01E913B4700ED4C0B /* PBXContainerItemProxy */;
		};
		B5B646AC1E913B4700ED4C0B /* PBXTargetDependency */ = {
			isa = PBXTargetDependency;
			target = B5B6468A1E913B4600ED4C0B /* LearningBeez */;
			targetProxy = B5B646AB1E913B4700ED4C0B /* PBXContainerItemProxy */;
		};
/* End PBXTargetDependency section */

/* Begin PBXVariantGroup section */
		B5B646921E913B4600ED4C0B /* Main.storyboard */ = {
			isa = PBXVariantGroup;
			children = (
				B5B646931E913B4600ED4C0B /* Base */,
			);
			name = Main.storyboard;
			sourceTree = "<group>";
		};
		B5B646971E913B4600ED4C0B /* LaunchScreen.storyboard */ = {
			isa = PBXVariantGroup;
			children = (
				B5B646981E913B4600ED4C0B /* Base */,
			);
			name = LaunchScreen.storyboard;
			sourceTree = "<group>";
		};
/* End PBXVariantGroup section */

/* Begin XCBuildConfiguration section */
		B5B646B11E913B4700ED4C0B /* Debug */ = {
			isa = XCBuildConfiguration;
			buildSettings = {
				ALWAYS_SEARCH_USER_PATHS = NO;
				CLANG_ANALYZER_NONNULL = YES;
				CLANG_ANALYZER_NUMBER_OBJECT_CONVERSION = YES_AGGRESSIVE;
				CLANG_CXX_LANGUAGE_STANDARD = "gnu++0x";
				CLANG_CXX_LIBRARY = "libc++";
				CLANG_ENABLE_MODULES = YES;
				CLANG_ENABLE_OBJC_ARC = YES;
				CLANG_WARN_BOOL_CONVERSION = YES;
				CLANG_WARN_CONSTANT_CONVERSION = YES;
				CLANG_WARN_DIRECT_OBJC_ISA_USAGE = YES_ERROR;
				CLANG_WARN_DOCUMENTATION_COMMENTS = YES;
				CLANG_WARN_EMPTY_BODY = YES;
				CLANG_WARN_ENUM_CONVERSION = YES;
				CLANG_WARN_INFINITE_RECURSION = YES;
				CLANG_WARN_INT_CONVERSION = YES;
				CLANG_WARN_OBJC_ROOT_CLASS = YES_ERROR;
				CLANG_WARN_SUSPICIOUS_MOVE = YES;
				CLANG_WARN_UNREACHABLE_CODE = YES;
				CLANG_WARN__DUPLICATE_METHOD_MATCH = YES;
				"CODE_SIGN_IDENTITY[sdk=iphoneos*]" = "iPhone Developer";
				COPY_PHASE_STRIP = NO;
				DEBUG_INFORMATION_FORMAT = dwarf;
				ENABLE_STRICT_OBJC_MSGSEND = YES;
				ENABLE_TESTABILITY = YES;
				GCC_C_LANGUAGE_STANDARD = gnu99;
				GCC_DYNAMIC_NO_PIC = NO;
				GCC_NO_COMMON_BLOCKS = YES;
				GCC_OPTIMIZATION_LEVEL = 0;
				GCC_PREPROCESSOR_DEFINITIONS = (
					"DEBUG=1",
					"$(inherited)",
				);
				GCC_WARN_64_TO_32_BIT_CONVERSION = YES;
				GCC_WARN_ABOUT_RETURN_TYPE = YES_ERROR;
				GCC_WARN_UNDECLARED_SELECTOR = YES;
				GCC_WARN_UNINITIALIZED_AUTOS = YES_AGGRESSIVE;
				GCC_WARN_UNUSED_FUNCTION = YES;
				GCC_WARN_UNUSED_VARIABLE = YES;
				IPHONEOS_DEPLOYMENT_TARGET = 10.3;
				MTL_ENABLE_DEBUG_INFO = YES;
				ONLY_ACTIVE_ARCH = YES;
				SDKROOT = iphoneos;
				SWIFT_ACTIVE_COMPILATION_CONDITIONS = DEBUG;
				SWIFT_OPTIMIZATION_LEVEL = "-Onone";
				TARGETED_DEVICE_FAMILY = "1,2";
			};
			name = Debug;
		};
		B5B646B21E913B4700ED4C0B /* Release */ = {
			isa = XCBuildConfiguration;
			buildSettings = {
				ALWAYS_SEARCH_USER_PATHS = NO;
				CLANG_ANALYZER_NONNULL = YES;
				CLANG_ANALYZER_NUMBER_OBJECT_CONVERSION = YES_AGGRESSIVE;
				CLANG_CXX_LANGUAGE_STANDARD = "gnu++0x";
				CLANG_CXX_LIBRARY = "libc++";
				CLANG_ENABLE_MODULES = YES;
				CLANG_ENABLE_OBJC_ARC = YES;
				CLANG_WARN_BOOL_CONVERSION = YES;
				CLANG_WARN_CONSTANT_CONVERSION = YES;
				CLANG_WARN_DIRECT_OBJC_ISA_USAGE = YES_ERROR;
				CLANG_WARN_DOCUMENTATION_COMMENTS = YES;
				CLANG_WARN_EMPTY_BODY = YES;
				CLANG_WARN_ENUM_CONVERSION = YES;
				CLANG_WARN_INFINITE_RECURSION = YES;
				CLANG_WARN_INT_CONVERSION = YES;
				CLANG_WARN_OBJC_ROOT_CLASS = YES_ERROR;
				CLANG_WARN_SUSPICIOUS_MOVE = YES;
				CLANG_WARN_UNREACHABLE_CODE = YES;
				CLANG_WARN__DUPLICATE_METHOD_MATCH = YES;
				"CODE_SIGN_IDENTITY[sdk=iphoneos*]" = "iPhone Developer";
				COPY_PHASE_STRIP = NO;
				DEBUG_INFORMATION_FORMAT = "dwarf-with-dsym";
				ENABLE_NS_ASSERTIONS = NO;
				ENABLE_STRICT_OBJC_MSGSEND = YES;
				GCC_C_LANGUAGE_STANDARD = gnu99;
				GCC_NO_COMMON_BLOCKS = YES;
				GCC_WARN_64_TO_32_BIT_CONVERSION = YES;
				GCC_WARN_ABOUT_RETURN_TYPE = YES_ERROR;
				GCC_WARN_UNDECLARED_SELECTOR = YES;
				GCC_WARN_UNINITIALIZED_AUTOS = YES_AGGRESSIVE;
				GCC_WARN_UNUSED_FUNCTION = YES;
				GCC_WARN_UNUSED_VARIABLE = YES;
				IPHONEOS_DEPLOYMENT_TARGET = 10.3;
				MTL_ENABLE_DEBUG_INFO = NO;
				SDKROOT = iphoneos;
				SWIFT_OPTIMIZATION_LEVEL = "-Owholemodule";
				TARGETED_DEVICE_FAMILY = "1,2";
				VALIDATE_PRODUCT = YES;
			};
			name = Release;
		};
		B5B646B41E913B4700ED4C0B /* Debug */ = {
			isa = XCBuildConfiguration;
			baseConfigurationReference = 48B73B23648739551D33AB2F /* Pods-LearningBeez.debug.xcconfig */;
			buildSettings = {
				ASSETCATALOG_COMPILER_APPICON_NAME = AppIcon;
				DEVELOPMENT_TEAM = Q8VR2LBKSF;
				FRAMEWORK_SEARCH_PATHS = (
					"$(inherited)",
					"$(PROJECT_DIR)/LearningBeez",
				);
				INFOPLIST_FILE = LearningBeez/Info.plist;
				IPHONEOS_DEPLOYMENT_TARGET = 9.0;
				LD_RUNPATH_SEARCH_PATHS = "$(inherited) @executable_path/Frameworks";
				PRODUCT_BUNDLE_IDENTIFIER = com.LearningBeez;
				PRODUCT_NAME = "$(TARGET_NAME)";
				SWIFT_VERSION = 3.0;
				TARGETED_DEVICE_FAMILY = 2;
			};
			name = Debug;
		};
		B5B646B51E913B4700ED4C0B /* Release */ = {
			isa = XCBuildConfiguration;
			baseConfigurationReference = 4390BD226277CEA541D29E7D /* Pods-LearningBeez.release.xcconfig */;
			buildSettings = {
				ASSETCATALOG_COMPILER_APPICON_NAME = AppIcon;
				DEVELOPMENT_TEAM = Q8VR2LBKSF;
				FRAMEWORK_SEARCH_PATHS = (
					"$(inherited)",
					"$(PROJECT_DIR)/LearningBeez",
				);
				INFOPLIST_FILE = LearningBeez/Info.plist;
				IPHONEOS_DEPLOYMENT_TARGET = 9.0;
				LD_RUNPATH_SEARCH_PATHS = "$(inherited) @executable_path/Frameworks";
				PRODUCT_BUNDLE_IDENTIFIER = com.LearningBeez;
				PRODUCT_NAME = "$(TARGET_NAME)";
				SWIFT_VERSION = 3.0;
				TARGETED_DEVICE_FAMILY = 2;
			};
			name = Release;
		};
		B5B646B71E913B4700ED4C0B /* Debug */ = {
			isa = XCBuildConfiguration;
			baseConfigurationReference = 838846F07AD3867E575E40EA /* Pods-LearningBeezTests.debug.xcconfig */;
			buildSettings = {
				ALWAYS_EMBED_SWIFT_STANDARD_LIBRARIES = YES;
				BUNDLE_LOADER = "$(TEST_HOST)";
				INFOPLIST_FILE = LearningBeezTests/Info.plist;
				LD_RUNPATH_SEARCH_PATHS = "$(inherited) @executable_path/Frameworks @loader_path/Frameworks";
				PRODUCT_BUNDLE_IDENTIFIER = com.LearningBeezTests;
				PRODUCT_NAME = "$(TARGET_NAME)";
				SWIFT_VERSION = 3.0;
				TEST_HOST = "$(BUILT_PRODUCTS_DIR)/LearningBeez.app/LearningBeez";
			};
			name = Debug;
		};
		B5B646B81E913B4700ED4C0B /* Release */ = {
			isa = XCBuildConfiguration;
			baseConfigurationReference = 9712BA3138B1D73C71EDA78A /* Pods-LearningBeezTests.release.xcconfig */;
			buildSettings = {
				ALWAYS_EMBED_SWIFT_STANDARD_LIBRARIES = YES;
				BUNDLE_LOADER = "$(TEST_HOST)";
				INFOPLIST_FILE = LearningBeezTests/Info.plist;
				LD_RUNPATH_SEARCH_PATHS = "$(inherited) @executable_path/Frameworks @loader_path/Frameworks";
				PRODUCT_BUNDLE_IDENTIFIER = com.LearningBeezTests;
				PRODUCT_NAME = "$(TARGET_NAME)";
				SWIFT_VERSION = 3.0;
				TEST_HOST = "$(BUILT_PRODUCTS_DIR)/LearningBeez.app/LearningBeez";
			};
			name = Release;
		};
		B5B646BA1E913B4700ED4C0B /* Debug */ = {
			isa = XCBuildConfiguration;
			baseConfigurationReference = 016F91C8D5ACBC2D3FCD4D5D /* Pods-LearningBeezUITests.debug.xcconfig */;
			buildSettings = {
				ALWAYS_EMBED_SWIFT_STANDARD_LIBRARIES = YES;
				INFOPLIST_FILE = LearningBeezUITests/Info.plist;
				LD_RUNPATH_SEARCH_PATHS = "$(inherited) @executable_path/Frameworks @loader_path/Frameworks";
				PRODUCT_BUNDLE_IDENTIFIER = com.LearningBeezUITests;
				PRODUCT_NAME = "$(TARGET_NAME)";
				SWIFT_VERSION = 3.0;
				TEST_TARGET_NAME = LearningBeez;
			};
			name = Debug;
		};
		B5B646BB1E913B4700ED4C0B /* Release */ = {
			isa = XCBuildConfiguration;
			baseConfigurationReference = 91280E8F72E7F95C08899449 /* Pods-LearningBeezUITests.release.xcconfig */;
			buildSettings = {
				ALWAYS_EMBED_SWIFT_STANDARD_LIBRARIES = YES;
				INFOPLIST_FILE = LearningBeezUITests/Info.plist;
				LD_RUNPATH_SEARCH_PATHS = "$(inherited) @executable_path/Frameworks @loader_path/Frameworks";
				PRODUCT_BUNDLE_IDENTIFIER = com.LearningBeezUITests;
				PRODUCT_NAME = "$(TARGET_NAME)";
				SWIFT_VERSION = 3.0;
				TEST_TARGET_NAME = LearningBeez;
			};
			name = Release;
		};
/* End XCBuildConfiguration section */

/* Begin XCConfigurationList section */
		B5B646861E913B4600ED4C0B /* Build configuration list for PBXProject "LearningBeez" */ = {
			isa = XCConfigurationList;
			buildConfigurations = (
				B5B646B11E913B4700ED4C0B /* Debug */,
				B5B646B21E913B4700ED4C0B /* Release */,
			);
			defaultConfigurationIsVisible = 0;
			defaultConfigurationName = Release;
		};
		B5B646B31E913B4700ED4C0B /* Build configuration list for PBXNativeTarget "LearningBeez" */ = {
			isa = XCConfigurationList;
			buildConfigurations = (
				B5B646B41E913B4700ED4C0B /* Debug */,
				B5B646B51E913B4700ED4C0B /* Release */,
			);
			defaultConfigurationIsVisible = 0;
			defaultConfigurationName = Release;
		};
		B5B646B61E913B4700ED4C0B /* Build configuration list for PBXNativeTarget "LearningBeezTests" */ = {
			isa = XCConfigurationList;
			buildConfigurations = (
				B5B646B71E913B4700ED4C0B /* Debug */,
				B5B646B81E913B4700ED4C0B /* Release */,
			);
			defaultConfigurationIsVisible = 0;
			defaultConfigurationName = Release;
		};
		B5B646B91E913B4700ED4C0B /* Build configuration list for PBXNativeTarget "LearningBeezUITests" */ = {
			isa = XCConfigurationList;
			buildConfigurations = (
				B5B646BA1E913B4700ED4C0B /* Debug */,
				B5B646BB1E913B4700ED4C0B /* Release */,
			);
			defaultConfigurationIsVisible = 0;
			defaultConfigurationName = Release;
		};
/* End XCConfigurationList section */
	};
	rootObject = B5B646831E913B4600ED4C0B /* Project object */;
}
